<Solution>
  <Folder Name="/src/">
    <Project Path="src/Kernel.Shared/Outlet.Kernel.Shared/Outlet.Kernel.Shared.csproj" />
    <Project Path="src/Kernel.Shared/Outlet.Kernel.Shared.UnitTests/Outlet.Kernel.Shared.UnitTests.csproj" />
    <Project Path="src/Outlet.Core.Domain/Outlet.Core.Domain.csproj" />
    <Project Path="src/Outlet.Core.Application/Outlet.Core.Application.csproj" />
    <Project Path="src/Outlet.Core.Infrastructure/Outlet.Core.Infrastructure.csproj" />
    <Project Path="src/Outlet.Cli/Outlet.Cli.csproj" />
  </Folder>
  <Folder Name="/tests/">
    <Project Path="tests/Outlet.Core.UnitTests/Outlet.Core.UnitTests.csproj" />
    <Project Path="tests/Outlet.Core.Infrastructure.UnitTests/Outlet.Core.Infrastructure.UnitTests.csproj" />
    <Project Path="tests/Outlet.Registry.Email.Tests/Outlet.Registry.Email.Tests.csproj" />
    <Project Path="tests/Outlet.Registry.Email.Compat/Outlet.Registry.Email.Compat.csproj" />
    <Project Path="tests/Outlet.Registry.Resilience.Tests/Outlet.Registry.Resilience.Tests.csproj" />
    <Project Path="tests/Outlet.Registry.Resilience.Compat/Outlet.Registry.Resilience.Compat.csproj" />
    <Project Path="tests/Outlet.Registry.Cache.Tests/Outlet.Registry.Cache.Tests.csproj" />
    <Project Path="tests/Outlet.Registry.Cache.Compat/Outlet.Registry.Cache.Compat.csproj" />
    <Project Path="tests/Outlet.Registry.Storage.Tests/Outlet.Registry.Storage.Tests.csproj" />
    <Project Path="tests/Outlet.Registry.Storage.Compat/Outlet.Registry.Storage.Compat.csproj" />
    <Project Path="tests/Outlet.Registry.Sms.Tests/Outlet.Registry.Sms.Tests.csproj" />
    <Project Path="tests/Outlet.Registry.Sms.Compat/Outlet.Registry.Sms.Compat.csproj" />
    <Project Path="tests/Outlet.ArchitectureTests/Outlet.ArchitectureTests.csproj" />
  </Folder>
  <Folder Name="/samples/">
    <Project Path="samples/SwapDemo/SwapDemo.csproj" />
    <Project Path="samples/CacheSwapDemo/CacheSwapDemo.csproj" />
    <Project Path="samples/StorageSwapDemo/StorageSwapDemo.csproj" />
  </Folder>
  <Folder Name="/tools/">
    <Project Path="tools/Outlet.Registry.Builder/Outlet.Registry.Builder.csproj" />
  </Folder>
  <Folder Name="/playground/">
    <Project Path="playground/Outlet.Playground.Api/Outlet.Playground.Api.csproj" />
  </Folder>
</Solution>
